
Microsoft Visual Studio Solution File, Format Version 12.00
# Visual Studio 14
VisualStudioVersion = 14.0.25420.1
MinimumVisualStudioVersion = 10.0.40219.1
Project("{FAE04EC0-301F-11D3-BF4B-00C04F79EFBC}") = "CalcKpK", "CalcKpK\CalcKpK\CalcKpK.csproj", "{89579856-FA23-4F7E-AD88-5C01F7CAFF7A}"
EndProject
Project("{FAE04EC0-301F-11D3-BF4B-00C04F79EFBC}") = "CalcKpK.Droid", "CalcKpK\CalcKpK.Droid\CalcKpK.Droid.csproj", "{D5992FC7-5E9D-4566-A047-C2DC4B910C98}"
EndProject
Project("{FAE04EC0-301F-11D3-BF4B-00C04F79EFBC}") = "CalcKpK.iOS", "CalcKpK\CalcKpK.iOS\CalcKpK.iOS.csproj", "{5553FC1C-EB8A-4D92-9A8F-6AC1B4A445B3}"
EndProject
Project("{FAE04EC0-301F-11D3-BF4B-00C04F79EFBC}") = "CalcKpK.WinPhone", "CalcKpK\CalcKpK.WinPhone\CalcKpK.WinPhone.csproj", "{88C02839-7D9D-4D62-BD24-1DAB79CF835C}"
EndProject
Project("{FAE04EC0-301F-11D3-BF4B-00C04F79EFBC}") = "CalcKpK.UWP", "CalcKpK\CalcKpK.UWP\CalcKpK.UWP.csproj", "{736B6F40-8BE8-43F3-B763-870B802C808A}"
EndProject
Project("{FAE04EC0-301F-11D3-BF4B-00C04F79EFBC}") = "CalcKpK.Windows", "CalcKpK\CalcKpK.Windows\CalcKpK.Windows.csproj", "{55D82E8C-9E7F-473D-8645-B6DB541A71A2}"
EndProject
Global
	GlobalSection(SolutionConfigurationPlatforms) = preSolution
		Ad-Hoc|Any CPU = Ad-Hoc|Any CPU
		Ad-Hoc|ARM = Ad-Hoc|ARM
		Ad-Hoc|iPhone = Ad-Hoc|iPhone
		Ad-Hoc|iPhoneSimulator = Ad-Hoc|iPhoneSimulator
		Ad-Hoc|x64 = Ad-Hoc|x64
		Ad-Hoc|x86 = Ad-Hoc|x86
		AppStore|Any CPU = AppStore|Any CPU
		AppStore|ARM = AppStore|ARM
		AppStore|iPhone = AppStore|iPhone
		AppStore|iPhoneSimulator = AppStore|iPhoneSimulator
		AppStore|x64 = AppStore|x64
		AppStore|x86 = AppStore|x86
		Debug|Any CPU = Debug|Any CPU
		Debug|ARM = Debug|ARM
		Debug|iPhone = Debug|iPhone
		Debug|iPhoneSimulator = Debug|iPhoneSimulator
		Debug|x64 = Debug|x64
		Debug|x86 = Debug|x86
		Release|Any CPU = Release|Any CPU
		Release|ARM = Release|ARM
		Release|iPhone = Release|iPhone
		Release|iPhoneSimulator = Release|iPhoneSimulator
		Release|x64 = Release|x64
		Release|x86 = Release|x86
	EndGlobalSection
	GlobalSection(ProjectConfigurationPlatforms) = postSolution
		{89579856-FA23-4F7E-AD88-5C01F7CAFF7A}.Ad-Hoc|Any CPU.ActiveCfg = Release|Any CPU
		{89579856-FA23-4F7E-AD88-5C01F7CAFF7A}.Ad-Hoc|Any CPU.Build.0 = Release|Any CPU
		{89579856-FA23-4F7E-AD88-5C01F7CAFF7A}.Ad-Hoc|ARM.ActiveCfg = Release|Any CPU
		{89579856-FA23-4F7E-AD88-5C01F7CAFF7A}.Ad-Hoc|ARM.Build.0 = Release|Any CPU
		{89579856-FA23-4F7E-AD88-5C01F7CAFF7A}.Ad-Hoc|iPhone.ActiveCfg = Release|Any CPU
		{89579856-FA23-4F7E-AD88-5C01F7CAFF7A}.Ad-Hoc|iPhone.Build.0 = Release|Any CPU
		{89579856-FA23-4F7E-AD88-5C01F7CAFF7A}.Ad-Hoc|iPhoneSimulator.ActiveCfg = Release|Any CPU
		{89579856-FA23-4F7E-AD88-5C01F7CAFF7A}.Ad-Hoc|iPhoneSimulator.Build.0 = Release|Any CPU
		{89579856-FA23-4F7E-AD88-5C01F7CAFF7A}.Ad-Hoc|x64.ActiveCfg = Release|Any CPU
		{89579856-FA23-4F7E-AD88-5C01F7CAFF7A}.Ad-Hoc|x64.Build.0 = Release|Any CPU
		{89579856-FA23-4F7E-AD88-5C01F7CAFF7A}.Ad-Hoc|x86.ActiveCfg = Release|Any CPU
		{89579856-FA23-4F7E-AD88-5C01F7CAFF7A}.Ad-Hoc|x86.Build.0 = Release|Any CPU
		{89579856-FA23-4F7E-AD88-5C01F7CAFF7A}.AppStore|Any CPU.ActiveCfg = Release|Any CPU
		{89579856-FA23-4F7E-AD88-5C01F7CAFF7A}.AppStore|Any CPU.Build.0 = Release|Any CPU
		{89579856-FA23-4F7E-AD88-5C01F7CAFF7A}.AppStore|ARM.ActiveCfg = Release|Any CPU
		{89579856-FA23-4F7E-AD88-5C01F7CAFF7A}.AppStore|ARM.Build.0 = Release|Any CPU
		{89579856-FA23-4F7E-AD88-5C01F7CAFF7A}.AppStore|iPhone.ActiveCfg = Release|Any CPU
		{89579856-FA23-4F7E-AD88-5C01F7CAFF7A}.AppStore|iPhone.Build.0 = Release|Any CPU
		{89579856-FA23-4F7E-AD88-5C01F7CAFF7A}.AppStore|iPhoneSimulator.ActiveCfg = Release|Any CPU
		{89579856-FA23-4F7E-AD88-5C01F7CAFF7A}.AppStore|iPhoneSimulator.Build.0 = Release|Any CPU
		{89579856-FA23-4F7E-AD88-5C01F7CAFF7A}.AppStore|x64.ActiveCfg = Release|Any CPU
		{89579856-FA23-4F7E-AD88-5C01F7CAFF7A}.AppStore|x64.Build.0 = Release|Any CPU
		{89579856-FA23-4F7E-AD88-5C01F7CAFF7A}.AppStore|x86.ActiveCfg = Release|Any CPU
		{89579856-FA23-4F7E-AD88-5C01F7CAFF7A}.AppStore|x86.Build.0 = Release|Any CPU
		{89579856-FA23-4F7E-AD88-5C01F7CAFF7A}.Debug|Any CPU.ActiveCfg = Debug|Any CPU
		{89579856-FA23-4F7E-AD88-5C01F7CAFF7A}.Debug|Any CPU.Build.0 = Debug|Any CPU
		{89579856-FA23-4F7E-AD88-5C01F7CAFF7A}.Debug|ARM.ActiveCfg = Debug|Any CPU
		{89579856-FA23-4F7E-AD88-5C01F7CAFF7A}.Debug|ARM.Build.0 = Debug|Any CPU
		{89579856-FA23-4F7E-AD88-5C01F7CAFF7A}.Debug|iPhone.ActiveCfg = Debug|Any CPU
		{89579856-FA23-4F7E-AD88-5C01F7CAFF7A}.Debug|iPhone.Build.0 = Debug|Any CPU
		{89579856-FA23-4F7E-AD88-5C01F7CAFF7A}.Debug|iPhoneSimulator.ActiveCfg = Debug|Any CPU
		{89579856-FA23-4F7E-AD88-5C01F7CAFF7A}.Debug|iPhoneSimulator.Build.0 = Debug|Any CPU
		{89579856-FA23-4F7E-AD88-5C01F7CAFF7A}.Debug|x64.ActiveCfg = Debug|Any CPU
		{89579856-FA23-4F7E-AD88-5C01F7CAFF7A}.Debug|x64.Build.0 = Debug|Any CPU
		{89579856-FA23-4F7E-AD88-5C01F7CAFF7A}.Debug|x86.ActiveCfg = Debug|Any CPU
		{89579856-FA23-4F7E-AD88-5C01F7CAFF7A}.Debug|x86.Build.0 = Debug|Any CPU
		{89579856-FA23-4F7E-AD88-5C01F7CAFF7A}.Release|Any CPU.ActiveCfg = Release|Any CPU
		{89579856-FA23-4F7E-AD88-5C01F7CAFF7A}.Release|Any CPU.Build.0 = Release|Any CPU
		{89579856-FA23-4F7E-AD88-5C01F7CAFF7A}.Release|ARM.ActiveCfg = Release|Any CPU
		{89579856-FA23-4F7E-AD88-5C01F7CAFF7A}.Release|ARM.Build.0 = Release|Any CPU
		{89579856-FA23-4F7E-AD88-5C01F7CAFF7A}.Release|iPhone.ActiveCfg = Release|Any CPU
		{89579856-FA23-4F7E-AD88-5C01F7CAFF7A}.Release|iPhone.Build.0 = Release|Any CPU
		{89579856-FA23-4F7E-AD88-5C01F7CAFF7A}.Release|iPhoneSimulator.ActiveCfg = Release|Any CPU
		{89579856-FA23-4F7E-AD88-5C01F7CAFF7A}.Release|iPhoneSimulator.Build.0 = Release|Any CPU
		{89579856-FA23-4F7E-AD88-5C01F7CAFF7A}.Release|x64.ActiveCfg = Release|Any CPU
		{89579856-FA23-4F7E-AD88-5C01F7CAFF7A}.Release|x64.Build.0 = Release|Any CPU
		{89579856-FA23-4F7E-AD88-5C01F7CAFF7A}.Release|x86.ActiveCfg = Release|Any CPU
		{89579856-FA23-4F7E-AD88-5C01F7CAFF7A}.Release|x86.Build.0 = Release|Any CPU
		{D5992FC7-5E9D-4566-A047-C2DC4B910C98}.Ad-Hoc|Any CPU.ActiveCfg = Release|Any CPU
		{D5992FC7-5E9D-4566-A047-C2DC4B910C98}.Ad-Hoc|Any CPU.Build.0 = Release|Any CPU
		{D5992FC7-5E9D-4566-A047-C2DC4B910C98}.Ad-Hoc|Any CPU.Deploy.0 = Release|Any CPU
		{D5992FC7-5E9D-4566-A047-C2DC4B910C98}.Ad-Hoc|ARM.ActiveCfg = Release|Any CPU
		{D5992FC7-5E9D-4566-A047-C2DC4B910C98}.Ad-Hoc|ARM.Build.0 = Release|Any CPU
		{D5992FC7-5E9D-4566-A047-C2DC4B910C98}.Ad-Hoc|ARM.Deploy.0 = Release|Any CPU
		{D5992FC7-5E9D-4566-A047-C2DC4B910C98}.Ad-Hoc|iPhone.ActiveCfg = Release|Any CPU
		{D5992FC7-5E9D-4566-A047-C2DC4B910C98}.Ad-Hoc|iPhone.Build.0 = Release|Any CPU
		{D5992FC7-5E9D-4566-A047-C2DC4B910C98}.Ad-Hoc|iPhone.Deploy.0 = Release|Any CPU
		{D5992FC7-5E9D-4566-A047-C2DC4B910C98}.Ad-Hoc|iPhoneSimulator.ActiveCfg = Release|Any CPU
		{D5992FC7-5E9D-4566-A047-C2DC4B910C98}.Ad-Hoc|iPhoneSimulator.Build.0 = Release|Any CPU
		{D5992FC7-5E9D-4566-A047-C2DC4B910C98}.Ad-Hoc|iPhoneSimulator.Deploy.0 = Release|Any CPU
		{D5992FC7-5E9D-4566-A047-C2DC4B910C98}.Ad-Hoc|x64.ActiveCfg = Release|Any CPU
		{D5992FC7-5E9D-4566-A047-C2DC4B910C98}.Ad-Hoc|x64.Build.0 = Release|Any CPU
		{D5992FC7-5E9D-4566-A047-C2DC4B910C98}.Ad-Hoc|x64.Deploy.0 = Release|Any CPU
		{D5992FC7-5E9D-4566-A047-C2DC4B910C98}.Ad-Hoc|x86.ActiveCfg = Release|Any CPU
		{D5992FC7-5E9D-4566-A047-C2DC4B910C98}.Ad-Hoc|x86.Build.0 = Release|Any CPU
		{D5992FC7-5E9D-4566-A047-C2DC4B910C98}.Ad-Hoc|x86.Deploy.0 = Release|Any CPU
		{D5992FC7-5E9D-4566-A047-C2DC4B910C98}.AppStore|Any CPU.ActiveCfg = Release|Any CPU
		{D5992FC7-5E9D-4566-A047-C2DC4B910C98}.AppStore|Any CPU.Build.0 = Release|Any CPU
		{D5992FC7-5E9D-4566-A047-C2DC4B910C98}.AppStore|Any CPU.Deploy.0 = Release|Any CPU
		{D5992FC7-5E9D-4566-A047-C2DC4B910C98}.AppStore|ARM.ActiveCfg = Release|Any CPU
		{D5992FC7-5E9D-4566-A047-C2DC4B910C98}.AppStore|ARM.Build.0 = Release|Any CPU
		{D5992FC7-5E9D-4566-A047-C2DC4B910C98}.AppStore|ARM.Deploy.0 = Release|Any CPU
		{D5992FC7-5E9D-4566-A047-C2DC4B910C98}.AppStore|iPhone.ActiveCfg = Release|Any CPU
		{D5992FC7-5E9D-4566-A047-C2DC4B910C98}.AppStore|iPhone.Build.0 = Release|Any CPU
		{D5992FC7-5E9D-4566-A047-C2DC4B910C98}.AppStore|iPhone.Deploy.0 = Release|Any CPU
		{D5992FC7-5E9D-4566-A047-C2DC4B910C98}.AppStore|iPhoneSimulator.ActiveCfg = Release|Any CPU
		{D5992FC7-5E9D-4566-A047-C2DC4B910C98}.AppStore|iPhoneSimulator.Build.0 = Release|Any CPU
		{D5992FC7-5E9D-4566-A047-C2DC4B910C98}.AppStore|iPhoneSimulator.Deploy.0 = Release|Any CPU
		{D5992FC7-5E9D-4566-A047-C2DC4B910C98}.AppStore|x64.ActiveCfg = Release|Any CPU
		{D5992FC7-5E9D-4566-A047-C2DC4B910C98}.AppStore|x64.Build.0 = Release|Any CPU
		{D5992FC7-5E9D-4566-A047-C2DC4B910C98}.AppStore|x64.Deploy.0 = Release|Any CPU
		{D5992FC7-5E9D-4566-A047-C2DC4B910C98}.AppStore|x86.ActiveCfg = Release|Any CPU
		{D5992FC7-5E9D-4566-A047-C2DC4B910C98}.AppStore|x86.Build.0 = Release|Any CPU
		{D5992FC7-5E9D-4566-A047-C2DC4B910C98}.AppStore|x86.Deploy.0 = Release|Any CPU
		{D5992FC7-5E9D-4566-A047-C2DC4B910C98}.Debug|Any CPU.ActiveCfg = Debug|Any CPU
		{D5992FC7-5E9D-4566-A047-C2DC4B910C98}.Debug|Any CPU.Build.0 = Debug|Any CPU
		{D5992FC7-5E9D-4566-A047-C2DC4B910C98}.Debug|Any CPU.Deploy.0 = Debug|Any CPU
		{D5992FC7-5E9D-4566-A047-C2DC4B910C98}.Debug|ARM.ActiveCfg = Debug|Any CPU
		{D5992FC7-5E9D-4566-A047-C2DC4B910C98}.Debug|ARM.Build.0 = Debug|Any CPU
		{D5992FC7-5E9D-4566-A047-C2DC4B910C98}.Debug|ARM.Deploy.0 = Debug|Any CPU
		{D5992FC7-5E9D-4566-A047-C2DC4B910C98}.Debug|iPhone.ActiveCfg = Debug|Any CPU
		{D5992FC7-5E9D-4566-A047-C2DC4B910C98}.Debug|iPhone.Build.0 = Debug|Any CPU
		{D5992FC7-5E9D-4566-A047-C2DC4B910C98}.Debug|iPhone.Deploy.0 = Debug|Any CPU
		{D5992FC7-5E9D-4566-A047-C2DC4B910C98}.Debug|iPhoneSimulator.ActiveCfg = Debug|Any CPU
		{D5992FC7-5E9D-4566-A047-C2DC4B910C98}.Debug|iPhoneSimulator.Build.0 = Debug|Any CPU
		{D5992FC7-5E9D-4566-A047-C2DC4B910C98}.Debug|iPhoneSimulator.Deploy.0 = Debug|Any CPU
		{D5992FC7-5E9D-4566-A047-C2DC4B910C98}.Debug|x64.ActiveCfg = Debug|Any CPU
		{D5992FC7-5E9D-4566-A047-C2DC4B910C98}.Debug|x64.Build.0 = Debug|Any CPU
		{D5992FC7-5E9D-4566-A047-C2DC4B910C98}.Debug|x64.Deploy.0 = Debug|Any CPU
		{D5992FC7-5E9D-4566-A047-C2DC4B910C98}.Debug|x86.ActiveCfg = Debug|Any CPU
		{D5992FC7-5E9D-4566-A047-C2DC4B910C98}.Debug|x86.Build.0 = Debug|Any CPU
		{D5992FC7-5E9D-4566-A047-C2DC4B910C98}.Debug|x86.Deploy.0 = Debug|Any CPU
		{D5992FC7-5E9D-4566-A047-C2DC4B910C98}.Release|Any CPU.ActiveCfg = Release|Any CPU
		{D5992FC7-5E9D-4566-A047-C2DC4B910C98}.Release|Any CPU.Build.0 = Release|Any CPU
		{D5992FC7-5E9D-4566-A047-C2DC4B910C98}.Release|Any CPU.Deploy.0 = Release|Any CPU
		{D5992FC7-5E9D-4566-A047-C2DC4B910C98}.Release|ARM.ActiveCfg = Release|Any CPU
		{D5992FC7-5E9D-4566-A047-C2DC4B910C98}.Release|ARM.Build.0 = Release|Any CPU
		{D5992FC7-5E9D-4566-A047-C2DC4B910C98}.Release|ARM.Deploy.0 = Release|Any CPU
		{D5992FC7-5E9D-4566-A047-C2DC4B910C98}.Release|iPhone.ActiveCfg = Release|Any CPU
		{D5992FC7-5E9D-4566-A047-C2DC4B910C98}.Release|iPhone.Build.0 = Release|Any CPU
		{D5992FC7-5E9D-4566-A047-C2DC4B910C98}.Release|iPhone.Deploy.0 = Release|Any CPU
		{D5992FC7-5E9D-4566-A047-C2DC4B910C98}.Release|iPhoneSimulator.ActiveCfg = Release|Any CPU
		{D5992FC7-5E9D-4566-A047-C2DC4B910C98}.Release|iPhoneSimulator.Build.0 = Release|Any CPU
		{D5992FC7-5E9D-4566-A047-C2DC4B910C98}.Release|iPhoneSimulator.Deploy.0 = Release|Any CPU
		{D5992FC7-5E9D-4566-A047-C2DC4B910C98}.Release|x64.ActiveCfg = Release|Any CPU
		{D5992FC7-5E9D-4566-A047-C2DC4B910C98}.Release|x64.Build.0 = Release|Any CPU
		{D5992FC7-5E9D-4566-A047-C2DC4B910C98}.Release|x64.Deploy.0 = Release|Any CPU
		{D5992FC7-5E9D-4566-A047-C2DC4B910C98}.Release|x86.ActiveCfg = Release|Any CPU
		{D5992FC7-5E9D-4566-A047-C2DC4B910C98}.Release|x86.Build.0 = Release|Any CPU
		{D5992FC7-5E9D-4566-A047-C2DC4B910C98}.Release|x86.Deploy.0 = Release|Any CPU
		{5553FC1C-EB8A-4D92-9A8F-6AC1B4A445B3}.Ad-Hoc|Any CPU.ActiveCfg = Ad-Hoc|iPhone
		{5553FC1C-EB8A-4D92-9A8F-6AC1B4A445B3}.Ad-Hoc|ARM.ActiveCfg = Ad-Hoc|iPhone
		{5553FC1C-EB8A-4D92-9A8F-6AC1B4A445B3}.Ad-Hoc|iPhone.ActiveCfg = Ad-Hoc|iPhone
		{5553FC1C-EB8A-4D92-9A8F-6AC1B4A445B3}.Ad-Hoc|iPhone.Build.0 = Ad-Hoc|iPhone
		{5553FC1C-EB8A-4D92-9A8F-6AC1B4A445B3}.Ad-Hoc|iPhoneSimulator.ActiveCfg = Ad-Hoc|iPhoneSimulator
		{5553FC1C-EB8A-4D92-9A8F-6AC1B4A445B3}.Ad-Hoc|iPhoneSimulator.Build.0 = Ad-Hoc|iPhoneSimulator
		{5553FC1C-EB8A-4D92-9A8F-6AC1B4A445B3}.Ad-Hoc|x64.ActiveCfg = Ad-Hoc|iPhone
		{5553FC1C-EB8A-4D92-9A8F-6AC1B4A445B3}.Ad-Hoc|x86.ActiveCfg = Ad-Hoc|iPhone
		{5553FC1C-EB8A-4D92-9A8F-6AC1B4A445B3}.AppStore|Any CPU.ActiveCfg = AppStore|iPhone
		{5553FC1C-EB8A-4D92-9A8F-6AC1B4A445B3}.AppStore|ARM.ActiveCfg = AppStore|iPhone
		{5553FC1C-EB8A-4D92-9A8F-6AC1B4A445B3}.AppStore|iPhone.ActiveCfg = AppStore|iPhone
		{5553FC1C-EB8A-4D92-9A8F-6AC1B4A445B3}.AppStore|iPhone.Build.0 = AppStore|iPhone
		{5553FC1C-EB8A-4D92-9A8F-6AC1B4A445B3}.AppStore|iPhoneSimulator.ActiveCfg = AppStore|iPhoneSimulator
		{5553FC1C-EB8A-4D92-9A8F-6AC1B4A445B3}.AppStore|iPhoneSimulator.Build.0 = AppStore|iPhoneSimulator
		{5553FC1C-EB8A-4D92-9A8F-6AC1B4A445B3}.AppStore|x64.ActiveCfg = AppStore|iPhone
		{5553FC1C-EB8A-4D92-9A8F-6AC1B4A445B3}.AppStore|x86.ActiveCfg = AppStore|iPhone
		{5553FC1C-EB8A-4D92-9A8F-6AC1B4A445B3}.Debug|Any CPU.ActiveCfg = Debug|iPhone
		{5553FC1C-EB8A-4D92-9A8F-6AC1B4A445B3}.Debug|ARM.ActiveCfg = Debug|iPhone
		{5553FC1C-EB8A-4D92-9A8F-6AC1B4A445B3}.Debug|iPhone.ActiveCfg = Debug|iPhone
		{5553FC1C-EB8A-4D92-9A8F-6AC1B4A445B3}.Debug|iPhone.Build.0 = Debug|iPhone
		{5553FC1C-EB8A-4D92-9A8F-6AC1B4A445B3}.Debug|iPhoneSimulator.ActiveCfg = Debug|iPhoneSimulator
		{5553FC1C-EB8A-4D92-9A8F-6AC1B4A445B3}.Debug|iPhoneSimulator.Build.0 = Debug|iPhoneSimulator
		{5553FC1C-EB8A-4D92-9A8F-6AC1B4A445B3}.Debug|x64.ActiveCfg = Debug|iPhone
		{5553FC1C-EB8A-4D92-9A8F-6AC1B4A445B3}.Debug|x86.ActiveCfg = Debug|iPhone
		{5553FC1C-EB8A-4D92-9A8F-6AC1B4A445B3}.Release|Any CPU.ActiveCfg = Release|iPhone
		{5553FC1C-EB8A-4D92-9A8F-6AC1B4A445B3}.Release|ARM.ActiveCfg = Release|iPhone
		{5553FC1C-EB8A-4D92-9A8F-6AC1B4A445B3}.Release|iPhone.ActiveCfg = Release|iPhone
		{5553FC1C-EB8A-4D92-9A8F-6AC1B4A445B3}.Release|iPhone.Build.0 = Release|iPhone
		{5553FC1C-EB8A-4D92-9A8F-6AC1B4A445B3}.Release|iPhoneSimulator.ActiveCfg = Release|iPhoneSimulator
		{5553FC1C-EB8A-4D92-9A8F-6AC1B4A445B3}.Release|iPhoneSimulator.Build.0 = Release|iPhoneSimulator
		{5553FC1C-EB8A-4D92-9A8F-6AC1B4A445B3}.Release|x64.ActiveCfg = Release|iPhone
		{5553FC1C-EB8A-4D92-9A8F-6AC1B4A445B3}.Release|x86.ActiveCfg = Release|iPhone
		{88C02839-7D9D-4D62-BD24-1DAB79CF835C}.Ad-Hoc|Any CPU.ActiveCfg = Release|Any CPU
		{88C02839-7D9D-4D62-BD24-1DAB79CF835C}.Ad-Hoc|Any CPU.Build.0 = Release|Any CPU
		{88C02839-7D9D-4D62-BD24-1DAB79CF835C}.Ad-Hoc|Any CPU.Deploy.0 = Release|Any CPU
		{88C02839-7D9D-4D62-BD24-1DAB79CF835C}.Ad-Hoc|ARM.ActiveCfg = Release|ARM
		{88C02839-7D9D-4D62-BD24-1DAB79CF835C}.Ad-Hoc|ARM.Build.0 = Release|ARM
		{88C02839-7D9D-4D62-BD24-1DAB79CF835C}.Ad-Hoc|ARM.Deploy.0 = Release|ARM
		{88C02839-7D9D-4D62-BD24-1DAB79CF835C}.Ad-Hoc|iPhone.ActiveCfg = Release|Any CPU
		{88C02839-7D9D-4D62-BD24-1DAB79CF835C}.Ad-Hoc|iPhone.Build.0 = Release|Any CPU
		{88C02839-7D9D-4D62-BD24-1DAB79CF835C}.Ad-Hoc|iPhone.Deploy.0 = Release|Any CPU
		{88C02839-7D9D-4D62-BD24-1DAB79CF835C}.Ad-Hoc|iPhoneSimulator.ActiveCfg = Release|Any CPU
		{88C02839-7D9D-4D62-BD24-1DAB79CF835C}.Ad-Hoc|iPhoneSimulator.Build.0 = Release|Any CPU
		{88C02839-7D9D-4D62-BD24-1DAB79CF835C}.Ad-Hoc|iPhoneSimulator.Deploy.0 = Release|Any CPU
		{88C02839-7D9D-4D62-BD24-1DAB79CF835C}.Ad-Hoc|x64.ActiveCfg = Release|Any CPU
		{88C02839-7D9D-4D62-BD24-1DAB79CF835C}.Ad-Hoc|x64.Build.0 = Release|Any CPU
		{88C02839-7D9D-4D62-BD24-1DAB79CF835C}.Ad-Hoc|x64.Deploy.0 = Release|Any CPU
		{88C02839-7D9D-4D62-BD24-1DAB79CF835C}.Ad-Hoc|x86.ActiveCfg = Release|x86
		{88C02839-7D9D-4D62-BD24-1DAB79CF835C}.Ad-Hoc|x86.Build.0 = Release|x86
		{88C02839-7D9D-4D62-BD24-1DAB79CF835C}.Ad-Hoc|x86.Deploy.0 = Release|x86
		{88C02839-7D9D-4D62-BD24-1DAB79CF835C}.AppStore|Any CPU.ActiveCfg = Release|Any CPU
		{88C02839-7D9D-4D62-BD24-1DAB79CF835C}.AppStore|Any CPU.Build.0 = Release|Any CPU
		{88C02839-7D9D-4D62-BD24-1DAB79CF835C}.AppStore|Any CPU.Deploy.0 = Release|Any CPU
		{88C02839-7D9D-4D62-BD24-1DAB79CF835C}.AppStore|ARM.ActiveCfg = Release|ARM
		{88C02839-7D9D-4D62-BD24-1DAB79CF835C}.AppStore|ARM.Build.0 = Release|ARM
		{88C02839-7D9D-4D62-BD24-1DAB79CF835C}.AppStore|ARM.Deploy.0 = Release|ARM
		{88C02839-7D9D-4D62-BD24-1DAB79CF835C}.AppStore|iPhone.ActiveCfg = Release|Any CPU
		{88C02839-7D9D-4D62-BD24-1DAB79CF835C}.AppStore|iPhone.Build.0 = Release|Any CPU
		{88C02839-7D9D-4D62-BD24-1DAB79CF835C}.AppStore|iPhone.Deploy.0 = Release|Any CPU
		{88C02839-7D9D-4D62-BD24-1DAB79CF835C}.AppStore|iPhoneSimulator.ActiveCfg = Release|Any CPU
		{88C02839-7D9D-4D62-BD24-1DAB79CF835C}.AppStore|iPhoneSimulator.Build.0 = Release|Any CPU
		{88C02839-7D9D-4D62-BD24-1DAB79CF835C}.AppStore|iPhoneSimulator.Deploy.0 = Release|Any CPU
		{88C02839-7D9D-4D62-BD24-1DAB79CF835C}.AppStore|x64.ActiveCfg = Release|Any CPU
		{88C02839-7D9D-4D62-BD24-1DAB79CF835C}.AppStore|x64.Build.0 = Release|Any CPU
		{88C02839-7D9D-4D62-BD24-1DAB79CF835C}.AppStore|x64.Deploy.0 = Release|Any CPU
		{88C02839-7D9D-4D62-BD24-1DAB79CF835C}.AppStore|x86.ActiveCfg = Release|x86
		{88C02839-7D9D-4D62-BD24-1DAB79CF835C}.AppStore|x86.Build.0 = Release|x86
		{88C02839-7D9D-4D62-BD24-1DAB79CF835C}.AppStore|x86.Deploy.0 = Release|x86
		{88C02839-7D9D-4D62-BD24-1DAB79CF835C}.Debug|Any CPU.ActiveCfg = Debug|Any CPU
		{88C02839-7D9D-4D62-BD24-1DAB79CF835C}.Debug|Any CPU.Build.0 = Debug|Any CPU
		{88C02839-7D9D-4D62-BD24-1DAB79CF835C}.Debug|Any CPU.Deploy.0 = Debug|Any CPU
		{88C02839-7D9D-4D62-BD24-1DAB79CF835C}.Debug|ARM.ActiveCfg = Debug|ARM
		{88C02839-7D9D-4D62-BD24-1DAB79CF835C}.Debug|ARM.Build.0 = Debug|ARM
		{88C02839-7D9D-4D62-BD24-1DAB79CF835C}.Debug|ARM.Deploy.0 = Debug|ARM
		{88C02839-7D9D-4D62-BD24-1DAB79CF835C}.Debug|iPhone.ActiveCfg = Debug|Any CPU
		{88C02839-7D9D-4D62-BD24-1DAB79CF835C}.Debug|iPhone.Build.0 = Debug|Any CPU
		{88C02839-7D9D-4D62-BD24-1DAB79CF835C}.Debug|iPhone.Deploy.0 = Debug|Any CPU
		{88C02839-7D9D-4D62-BD24-1DAB79CF835C}.Debug|iPhoneSimulator.ActiveCfg = Debug|Any CPU
		{88C02839-7D9D-4D62-BD24-1DAB79CF835C}.Debug|iPhoneSimulator.Build.0 = Debug|Any CPU
		{88C02839-7D9D-4D62-BD24-1DAB79CF835C}.Debug|iPhoneSimulator.Deploy.0 = Debug|Any CPU
		{88C02839-7D9D-4D62-BD24-1DAB79CF835C}.Debug|x64.ActiveCfg = Debug|Any CPU
		{88C02839-7D9D-4D62-BD24-1DAB79CF835C}.Debug|x64.Build.0 = Debug|Any CPU
		{88C02839-7D9D-4D62-BD24-1DAB79CF835C}.Debug|x64.Deploy.0 = Debug|Any CPU
		{88C02839-7D9D-4D62-BD24-1DAB79CF835C}.Debug|x86.ActiveCfg = Debug|x86
		{88C02839-7D9D-4D62-BD24-1DAB79CF835C}.Debug|x86.Build.0 = Debug|x86
		{88C02839-7D9D-4D62-BD24-1DAB79CF835C}.Debug|x86.Deploy.0 = Debug|x86
		{88C02839-7D9D-4D62-BD24-1DAB79CF835C}.Release|Any CPU.ActiveCfg = Release|Any CPU
		{88C02839-7D9D-4D62-BD24-1DAB79CF835C}.Release|Any CPU.Build.0 = Release|Any CPU
		{88C02839-7D9D-4D62-BD24-1DAB79CF835C}.Release|Any CPU.Deploy.0 = Release|Any CPU
		{88C02839-7D9D-4D62-BD24-1DAB79CF835C}.Release|ARM.ActiveCfg = Release|ARM
		{88C02839-7D9D-4D62-BD24-1DAB79CF835C}.Release|ARM.Build.0 = Release|ARM
		{88C02839-7D9D-4D62-BD24-1DAB79CF835C}.Release|ARM.Deploy.0 = Release|ARM
		{88C02839-7D9D-4D62-BD24-1DAB79CF835C}.Release|iPhone.ActiveCfg = Release|Any CPU
		{88C02839-7D9D-4D62-BD24-1DAB79CF835C}.Release|iPhone.Build.0 = Release|Any CPU
		{88C02839-7D9D-4D62-BD24-1DAB79CF835C}.Release|iPhone.Deploy.0 = Release|Any CPU
		{88C02839-7D9D-4D62-BD24-1DAB79CF835C}.Release|iPhoneSimulator.ActiveCfg = Release|Any CPU
		{88C02839-7D9D-4D62-BD24-1DAB79CF835C}.Release|iPhoneSimulator.Build.0 = Release|Any CPU
		{88C02839-7D9D-4D62-BD24-1DAB79CF835C}.Release|iPhoneSimulator.Deploy.0 = Release|Any CPU
		{88C02839-7D9D-4D62-BD24-1DAB79CF835C}.Release|x64.ActiveCfg = Release|Any CPU
		{88C02839-7D9D-4D62-BD24-1DAB79CF835C}.Release|x64.Build.0 = Release|Any CPU
		{88C02839-7D9D-4D62-BD24-1DAB79CF835C}.Release|x64.Deploy.0 = Release|Any CPU
		{88C02839-7D9D-4D62-BD24-1DAB79CF835C}.Release|x86.ActiveCfg = Release|x86
		{88C02839-7D9D-4D62-BD24-1DAB79CF835C}.Release|x86.Build.0 = Release|x86
		{88C02839-7D9D-4D62-BD24-1DAB79CF835C}.Release|x86.Deploy.0 = Release|x86
		{736B6F40-8BE8-43F3-B763-870B802C808A}.Ad-Hoc|Any CPU.ActiveCfg = Release|x86
		{736B6F40-8BE8-43F3-B763-870B802C808A}.Ad-Hoc|Any CPU.Build.0 = Release|x86
		{736B6F40-8BE8-43F3-B763-870B802C808A}.Ad-Hoc|Any CPU.Deploy.0 = Release|x86
		{736B6F40-8BE8-43F3-B763-870B802C808A}.Ad-Hoc|ARM.ActiveCfg = Release|ARM
		{736B6F40-8BE8-43F3-B763-870B802C808A}.Ad-Hoc|ARM.Build.0 = Release|ARM
		{736B6F40-8BE8-43F3-B763-870B802C808A}.Ad-Hoc|ARM.Deploy.0 = Release|ARM
		{736B6F40-8BE8-43F3-B763-870B802C808A}.Ad-Hoc|iPhone.ActiveCfg = Release|x86
		{736B6F40-8BE8-43F3-B763-870B802C808A}.Ad-Hoc|iPhone.Build.0 = Release|x86
		{736B6F40-8BE8-43F3-B763-870B802C808A}.Ad-Hoc|iPhone.Deploy.0 = Release|x86
		{736B6F40-8BE8-43F3-B763-870B802C808A}.Ad-Hoc|iPhoneSimulator.ActiveCfg = Release|x86
		{736B6F40-8BE8-43F3-B763-870B802C808A}.Ad-Hoc|iPhoneSimulator.Build.0 = Release|x86
		{736B6F40-8BE8-43F3-B763-870B802C808A}.Ad-Hoc|iPhoneSimulator.Deploy.0 = Release|x86
		{736B6F40-8BE8-43F3-B763-870B802C808A}.Ad-Hoc|x64.ActiveCfg = Release|x64
		{736B6F40-8BE8-43F3-B763-870B802C808A}.Ad-Hoc|x64.Build.0 = Release|x64
		{736B6F40-8BE8-43F3-B763-870B802C808A}.Ad-Hoc|x64.Deploy.0 = Release|x64
		{736B6F40-8BE8-43F3-B763-870B802C808A}.Ad-Hoc|x86.ActiveCfg = Release|x86
		{736B6F40-8BE8-43F3-B763-870B802C808A}.Ad-Hoc|x86.Build.0 = Release|x86
		{736B6F40-8BE8-43F3-B763-870B802C808A}.Ad-Hoc|x86.Deploy.0 = Release|x86
		{736B6F40-8BE8-43F3-B763-870B802C808A}.AppStore|Any CPU.ActiveCfg = Release|x86
		{736B6F40-8BE8-43F3-B763-870B802C808A}.AppStore|Any CPU.Build.0 = Release|x86
		{736B6F40-8BE8-43F3-B763-870B802C808A}.AppStore|Any CPU.Deploy.0 = Release|x86
		{736B6F40-8BE8-43F3-B763-870B802C808A}.AppStore|ARM.ActiveCfg = Release|ARM
		{736B6F40-8BE8-43F3-B763-870B802C808A}.AppStore|ARM.Build.0 = Release|ARM
		{736B6F40-8BE8-43F3-B763-870B802C808A}.AppStore|ARM.Deploy.0 = Release|ARM
		{736B6F40-8BE8-43F3-B763-870B802C808A}.AppStore|iPhone.ActiveCfg = Release|x86
		{736B6F40-8BE8-43F3-B763-870B802C808A}.AppStore|iPhone.Build.0 = Release|x86
		{736B6F40-8BE8-43F3-B763-870B802C808A}.AppStore|iPhone.Deploy.0 = Release|x86
		{736B6F40-8BE8-43F3-B763-870B802C808A}.AppStore|iPhoneSimulator.ActiveCfg = Release|x86
		{736B6F40-8BE8-43F3-B763-870B802C808A}.AppStore|iPhoneSimulator.Build.0 = Release|x86
		{736B6F40-8BE8-43F3-B763-870B802C808A}.AppStore|iPhoneSimulator.Deploy.0 = Release|x86
		{736B6F40-8BE8-43F3-B763-870B802C808A}.AppStore|x64.ActiveCfg = Release|x64
		{736B6F40-8BE8-43F3-B763-870B802C808A}.AppStore|x64.Build.0 = Release|x64
		{736B6F40-8BE8-43F3-B763-870B802C808A}.AppStore|x64.Deploy.0 = Release|x64
		{736B6F40-8BE8-43F3-B763-870B802C808A}.AppStore|x86.ActiveCfg = Release|x86
		{736B6F40-8BE8-43F3-B763-870B802C808A}.AppStore|x86.Build.0 = Release|x86
		{736B6F40-8BE8-43F3-B763-870B802C808A}.AppStore|x86.Deploy.0 = Release|x86
		{736B6F40-8BE8-43F3-B763-870B802C808A}.Debug|Any CPU.ActiveCfg = Debug|x86
		{736B6F40-8BE8-43F3-B763-870B802C808A}.Debug|ARM.ActiveCfg = Debug|ARM
		{736B6F40-8BE8-43F3-B763-870B802C808A}.Debug|ARM.Build.0 = Debug|ARM
		{736B6F40-8BE8-43F3-B763-870B802C808A}.Debug|ARM.Deploy.0 = Debug|ARM
		{736B6F40-8BE8-43F3-B763-870B802C808A}.Debug|iPhone.ActiveCfg = Debug|x86
		{736B6F40-8BE8-43F3-B763-870B802C808A}.Debug|iPhoneSimulator.ActiveCfg = Debug|x86
		{736B6F40-8BE8-43F3-B763-870B802C808A}.Debug|x64.ActiveCfg = Debug|x64
		{736B6F40-8BE8-43F3-B763-870B802C808A}.Debug|x64.Build.0 = Debug|x64
		{736B6F40-8BE8-43F3-B763-870B802C808A}.Debug|x64.Deploy.0 = Debug|x64
		{736B6F40-8BE8-43F3-B763-870B802C808A}.Debug|x86.ActiveCfg = Debug|x86
		{736B6F40-8BE8-43F3-B763-870B802C808A}.Debug|x86.Build.0 = Debug|x86
		{736B6F40-8BE8-43F3-B763-870B802C808A}.Debug|x86.Deploy.0 = Debug|x86
		{736B6F40-8BE8-43F3-B763-870B802C808A}.Release|Any CPU.ActiveCfg = Release|x86
		{736B6F40-8BE8-43F3-B763-870B802C808A}.Release|ARM.ActiveCfg = Release|ARM
		{736B6F40-8BE8-43F3-B763-870B802C808A}.Release|ARM.Build.0 = Release|ARM
		{736B6F40-8BE8-43F3-B763-870B802C808A}.Release|ARM.Deploy.0 = Release|ARM
		{736B6F40-8BE8-43F3-B763-870B802C808A}.Release|iPhone.ActiveCfg = Release|x86
		{736B6F40-8BE8-43F3-B763-870B802C808A}.Release|iPhoneSimulator.ActiveCfg = Release|x86
		{736B6F40-8BE8-43F3-B763-870B802C808A}.Release|x64.ActiveCfg = Release|x64
		{736B6F40-8BE8-43F3-B763-870B802C808A}.Release|x64.Build.0 = Release|x64
		{736B6F40-8BE8-43F3-B763-870B802C808A}.Release|x64.Deploy.0 = Release|x64
		{736B6F40-8BE8-43F3-B763-870B802C808A}.Release|x86.ActiveCfg = Release|x86
		{736B6F40-8BE8-43F3-B763-870B802C808A}.Release|x86.Build.0 = Release|x86
		{736B6F40-8BE8-43F3-B763-870B802C808A}.Release|x86.Deploy.0 = Release|x86
		{55D82E8C-9E7F-473D-8645-B6DB541A71A2}.Ad-Hoc|Any CPU.ActiveCfg = Release|Any CPU
		{55D82E8C-9E7F-473D-8645-B6DB541A71A2}.Ad-Hoc|Any CPU.Build.0 = Release|Any CPU
		{55D82E8C-9E7F-473D-8645-B6DB541A71A2}.Ad-Hoc|Any CPU.Deploy.0 = Release|Any CPU
		{55D82E8C-9E7F-473D-8645-B6DB541A71A2}.Ad-Hoc|ARM.ActiveCfg = Release|ARM
		{55D82E8C-9E7F-473D-8645-B6DB541A71A2}.Ad-Hoc|ARM.Build.0 = Release|ARM
		{55D82E8C-9E7F-473D-8645-B6DB541A71A2}.Ad-Hoc|ARM.Deploy.0 = Release|ARM
		{55D82E8C-9E7F-473D-8645-B6DB541A71A2}.Ad-Hoc|iPhone.ActiveCfg = Release|Any CPU
		{55D82E8C-9E7F-473D-8645-B6DB541A71A2}.Ad-Hoc|iPhone.Build.0 = Release|Any CPU
		{55D82E8C-9E7F-473D-8645-B6DB541A71A2}.Ad-Hoc|iPhone.Deploy.0 = Release|Any CPU
		{55D82E8C-9E7F-473D-8645-B6DB541A71A2}.Ad-Hoc|iPhoneSimulator.ActiveCfg = Release|Any CPU
		{55D82E8C-9E7F-473D-8645-B6DB541A71A2}.Ad-Hoc|iPhoneSimulator.Build.0 = Release|Any CPU
		{55D82E8C-9E7F-473D-8645-B6DB541A71A2}.Ad-Hoc|iPhoneSimulator.Deploy.0 = Release|Any CPU
		{55D82E8C-9E7F-473D-8645-B6DB541A71A2}.Ad-Hoc|x64.ActiveCfg = Release|x64
		{55D82E8C-9E7F-473D-8645-B6DB541A71A2}.Ad-Hoc|x64.Build.0 = Release|x64
		{55D82E8C-9E7F-473D-8645-B6DB541A71A2}.Ad-Hoc|x64.Deploy.0 = Release|x64
		{55D82E8C-9E7F-473D-8645-B6DB541A71A2}.Ad-Hoc|x86.ActiveCfg = Release|x86
		{55D82E8C-9E7F-473D-8645-B6DB541A71A2}.Ad-Hoc|x86.Build.0 = Release|x86
		{55D82E8C-9E7F-473D-8645-B6DB541A71A2}.Ad-Hoc|x86.Deploy.0 = Release|x86
		{55D82E8C-9E7F-473D-8645-B6DB541A71A2}.AppStore|Any CPU.ActiveCfg = Release|Any CPU
		{55D82E8C-9E7F-473D-8645-B6DB541A71A2}.AppStore|Any CPU.Build.0 = Release|Any CPU
		{55D82E8C-9E7F-473D-8645-B6DB541A71A2}.AppStore|Any CPU.Deploy.0 = Release|Any CPU
		{55D82E8C-9E7F-473D-8645-B6DB541A71A2}.AppStore|ARM.ActiveCfg = Release|ARM
		{55D82E8C-9E7F-473D-8645-B6DB541A71A2}.AppStore|ARM.Build.0 = Release|ARM
		{55D82E8C-9E7F-473D-8645-B6DB541A71A2}.AppStore|ARM.Deploy.0 = Release|ARM
		{55D82E8C-9E7F-473D-8645-B6DB541A71A2}.AppStore|iPhone.ActiveCfg = Release|Any CPU
		{55D82E8C-9E7F-473D-8645-B6DB541A71A2}.AppStore|iPhone.Build.0 = Release|Any CPU
		{55D82E8C-9E7F-473D-8645-B6DB541A71A2}.AppStore|iPhone.Deploy.0 = Release|Any CPU
		{55D82E8C-9E7F-473D-8645-B6DB541A71A2}.AppStore|iPhoneSimulator.ActiveCfg = Release|Any CPU
		{55D82E8C-9E7F-473D-8645-B6DB541A71A2}.AppStore|iPhoneSimulator.Build.0 = Release|Any CPU
		{55D82E8C-9E7F-473D-8645-B6DB541A71A2}.AppStore|iPhoneSimulator.Deploy.0 = Release|Any CPU
		{55D82E8C-9E7F-473D-8645-B6DB541A71A2}.AppStore|x64.ActiveCfg = Release|x64
		{55D82E8C-9E7F-473D-8645-B6DB541A71A2}.AppStore|x64.Build.0 = Release|x64
		{55D82E8C-9E7F-473D-8645-B6DB541A71A2}.AppStore|x64.Deploy.0 = Release|x64
		{55D82E8C-9E7F-473D-8645-B6DB541A71A2}.AppStore|x86.ActiveCfg = Release|x86
		{55D82E8C-9E7F-473D-8645-B6DB541A71A2}.AppStore|x86.Build.0 = Release|x86
		{55D82E8C-9E7F-473D-8645-B6DB541A71A2}.AppStore|x86.Deploy.0 = Release|x86
		{55D82E8C-9E7F-473D-8645-B6DB541A71A2}.Debug|Any CPU.ActiveCfg = Debug|Any CPU
		{55D82E8C-9E7F-473D-8645-B6DB541A71A2}.Debug|Any CPU.Build.0 = Debug|Any CPU
		{55D82E8C-9E7F-473D-8645-B6DB541A71A2}.Debug|Any CPU.Deploy.0 = Debug|Any CPU
		{55D82E8C-9E7F-473D-8645-B6DB541A71A2}.Debug|ARM.ActiveCfg = Debug|ARM
		{55D82E8C-9E7F-473D-8645-B6DB541A71A2}.Debug|ARM.Build.0 = Debug|ARM
		{55D82E8C-9E7F-473D-8645-B6DB541A71A2}.Debug|ARM.Deploy.0 = Debug|ARM
		{55D82E8C-9E7F-473D-8645-B6DB541A71A2}.Debug|iPhone.ActiveCfg = Debug|Any CPU
		{55D82E8C-9E7F-473D-8645-B6DB541A71A2}.Debug|iPhone.Build.0 = Debug|Any CPU
		{55D82E8C-9E7F-473D-8645-B6DB541A71A2}.Debug|iPhone.Deploy.0 = Debug|Any CPU
		{55D82E8C-9E7F-473D-8645-B6DB541A71A2}.Debug|iPhoneSimulator.ActiveCfg = Debug|Any CPU
		{55D82E8C-9E7F-473D-8645-B6DB541A71A2}.Debug|iPhoneSimulator.Build.0 = Debug|Any CPU
		{55D82E8C-9E7F-473D-8645-B6DB541A71A2}.Debug|iPhoneSimulator.Deploy.0 = Debug|Any CPU
		{55D82E8C-9E7F-473D-8645-B6DB541A71A2}.Debug|x64.ActiveCfg = Debug|x64
		{55D82E8C-9E7F-473D-8645-B6DB541A71A2}.Debug|x64.Build.0 = Debug|x64
		{55D82E8C-9E7F-473D-8645-B6DB541A71A2}.Debug|x64.Deploy.0 = Debug|x64
		{55D82E8C-9E7F-473D-8645-B6DB541A71A2}.Debug|x86.ActiveCfg = Debug|x86
		{55D82E8C-9E7F-473D-8645-B6DB541A71A2}.Debug|x86.Build.0 = Debug|x86
		{55D82E8C-9E7F-473D-8645-B6DB541A71A2}.Debug|x86.Deploy.0 = Debug|x86
		{55D82E8C-9E7F-473D-8645-B6DB541A71A2}.Release|Any CPU.ActiveCfg = Release|Any CPU
		{55D82E8C-9E7F-473D-8645-B6DB541A71A2}.Release|Any CPU.Build.0 = Release|Any CPU
		{55D82E8C-9E7F-473D-8645-B6DB541A71A2}.Release|Any CPU.Deploy.0 = Release|Any CPU
		{55D82E8C-9E7F-473D-8645-B6DB541A71A2}.Release|ARM.ActiveCfg = Release|ARM
		{55D82E8C-9E7F-473D-8645-B6DB541A71A2}.Release|ARM.Build.0 = Release|ARM
		{55D82E8C-9E7F-473D-8645-B6DB541A71A2}.Release|ARM.Deploy.0 = Release|ARM
		{55D82E8C-9E7F-473D-8645-B6DB541A71A2}.Release|iPhone.ActiveCfg = Release|Any CPU
		{55D82E8C-9E7F-473D-8645-B6DB541A71A2}.Release|iPhone.Build.0 = Release|Any CPU
		{55D82E8C-9E7F-473D-8645-B6DB541A71A2}.Release|iPhone.Deploy.0 = Release|Any CPU
		{55D82E8C-9E7F-473D-8645-B6DB541A71A2}.Release|iPhoneSimulator.ActiveCfg = Release|Any CPU
		{55D82E8C-9E7F-473D-8645-B6DB541A71A2}.Release|iPhoneSimulator.Build.0 = Release|Any CPU
		{55D82E8C-9E7F-473D-8645-B6DB541A71A2}.Release|iPhoneSimulator.Deploy.0 = Release|Any CPU
		{55D82E8C-9E7F-473D-8645-B6DB541A71A2}.Release|x64.ActiveCfg = Release|x64
		{55D82E8C-9E7F-473D-8645-B6DB541A71A2}.Release|x64.Build.0 = Release|x64
		{55D82E8C-9E7F-473D-8645-B6DB541A71A2}.Release|x64.Deploy.0 = Release|x64
		{55D82E8C-9E7F-473D-8645-B6DB541A71A2}.Release|x86.ActiveCfg = Release|x86
		{55D82E8C-9E7F-473D-8645-B6DB541A71A2}.Release|x86.Build.0 = Release|x86
		{55D82E8C-9E7F-473D-8645-B6DB541A71A2}.Release|x86.Deploy.0 = Release|x86
	EndGlobalSection
	GlobalSection(SolutionProperties) = preSolution
		HideSolutionNode = FALSE
	EndGlobalSection
EndGlobal
